
Microsoft Visual Studio Solution File, Format Version 12.00
# Visual Studio Version 17
VisualStudioVersion = 17.8.34330.188
MinimumVisualStudioVersion = 10.0.40219.1
Project("{FAE04EC0-301F-11D3-BF4B-00C04F79EFBC}") = "BookEF2", "BookEF2.csproj", "{23CF8710-DD80-4BDA-A9FE-D79A947B73CA}"
EndProject
Global
	GlobalSection(SolutionConfigurationPlatforms) = preSolution
		Debug|Any CPU = Debug|Any CPU
		Release|Any CPU = Release|Any CPU
	EndGlobalSection
	GlobalSection(ProjectConfigurationPlatforms) = postSolution
		{23CF8710-DD80-4BDA-A9FE-D79A947B73CA}.Debug|Any CPU.ActiveCfg = Debug|Any CPU
		{23CF8710-DD80-4BDA-A9FE-D79A947B73CA}.Debug|Any CPU.Build.0 = Debug|Any CPU
		{23CF8710-DD80-4BDA-A9FE-D79A947B73CA}.Release|Any CPU.ActiveCfg = Release|Any CPU
		{23CF8710-DD80-4BDA-A9FE-D79A947B73CA}.Release|Any CPU.Build.0 = Release|Any CPU
	EndGlobalSection
	GlobalSection(SolutionProperties) = preSolution
		HideSolutionNode = FALSE
	EndGlobalSection
	GlobalSection(ExtensibilityGlobals) = postSolution
		SolutionGuid = {E81DE808-A843-4D12-AB4C-00D553001AC0}
	EndGlobalSection
EndGlobal
